
Microsoft Visual Studio Solution File, Format Version 12.00
Project("{FAE04EC0-301F-11D3-BF4B-00C04F79EFBC}") = "Day8", "Day8\Day8.csproj", "{1B6B3525-EE75-4731-ABE2-3A799645586A}"
EndProject
Global
	GlobalSection(SolutionConfigurationPlatforms) = preSolution
		Debug|Any CPU = Debug|Any CPU
		Release|Any CPU = Release|Any CPU
	EndGlobalSection
	GlobalSection(ProjectConfigurationPlatforms) = postSolution
		{1B6B3525-EE75-4731-ABE2-3A799645586A}.Debug|Any CPU.ActiveCfg = Debug|Any CPU
		{1B6B3525-EE75-4731-ABE2-3A799645586A}.Debug|Any CPU.Build.0 = Debug|Any CPU
		{1B6B3525-EE75-4731-ABE2-3A799645586A}.Release|Any CPU.ActiveCfg = Release|Any CPU
		{1B6B3525-EE75-4731-ABE2-3A799645586A}.Release|Any CPU.Build.0 = Release|Any CPU
	EndGlobalSection
EndGlobal
